
Microsoft Visual Studio Solution File, Format Version 12.00
# Visual Studio Version 16
VisualStudioVersion = 16.0.29001.49
MinimumVisualStudioVersion = 10.0.40219.1
Project("{8BC9CEB8-8B4A-11D0-8D11-00A0C91BC942}") = "Autoclicker", "Autoclicker\Autoclicker.vcxproj", "{54A3BF7C-D2BF-462A-A184-7673A9808461}"
	ProjectSection(ProjectDependencies) = postProject
		{61389A1B-7CCF-48F9-A6D8-DA4C1C9473D4} = {61389A1B-7CCF-48F9-A6D8-DA4C1C9473D4}
	EndProjectSection
EndProject
Project("{8BC9CEB8-8B4A-11D0-8D11-00A0C91BC942}") = "WWS", "WWS\WWS.vcxproj", "{61389A1B-7CCF-48F9-A6D8-DA4C1C9473D4}"
EndProject
Global
	GlobalSection(SolutionConfigurationPlatforms) = preSolution
		Debug|x64 = Debug|x64
		Debug|x86 = Debug|x86
		Release|x64 = Release|x64
		Release|x86 = Release|x86
	EndGlobalSection
	GlobalSection(ProjectConfigurationPlatforms) = postSolution
		{54A3BF7C-D2BF-462A-A184-7673A9808461}.Debug|x64.ActiveCfg = Debug|x64
		{54A3BF7C-D2BF-462A-A184-7673A9808461}.Debug|x64.Build.0 = Debug|x64
		{54A3BF7C-D2BF-462A-A184-7673A9808461}.Debug|x86.ActiveCfg = Debug|Win32
		{54A3BF7C-D2BF-462A-A184-7673A9808461}.Debug|x86.Build.0 = Debug|Win32
		{54A3BF7C-D2BF-462A-A184-7673A9808461}.Release|x64.ActiveCfg = Release|x64
		{54A3BF7C-D2BF-462A-A184-7673A9808461}.Release|x64.Build.0 = Release|x64
		{54A3BF7C-D2BF-462A-A184-7673A9808461}.Release|x86.ActiveCfg = Release|Win32
		{54A3BF7C-D2BF-462A-A184-7673A9808461}.Release|x86.Build.0 = Release|Win32
		{61389A1B-7CCF-48F9-A6D8-DA4C1C9473D4}.Debug|x64.ActiveCfg = Debug|x64
		{61389A1B-7CCF-48F9-A6D8-DA4C1C9473D4}.Debug|x64.Build.0 = Debug|x64
		{61389A1B-7CCF-48F9-A6D8-DA4C1C9473D4}.Debug|x86.ActiveCfg = Debug|Win32
		{61389A1B-7CCF-48F9-A6D8-DA4C1C9473D4}.Debug|x86.Build.0 = Debug|Win32
		{61389A1B-7CCF-48F9-A6D8-DA4C1C9473D4}.Release|x64.ActiveCfg = Release|x64
		{61389A1B-7CCF-48F9-A6D8-DA4C1C9473D4}.Release|x64.Build.0 = Release|x64
		{61389A1B-7CCF-48F9-A6D8-DA4C1C9473D4}.Release|x86.ActiveCfg = Release|Win32
		{61389A1B-7CCF-48F9-A6D8-DA4C1C9473D4}.Release|x86.Build.0 = Release|Win32
	EndGlobalSection
	GlobalSection(SolutionProperties) = preSolution
		HideSolutionNode = FALSE
	EndGlobalSection
	GlobalSection(ExtensibilityGlobals) = postSolution
		SolutionGuid = {D77F9A0D-788C-49E0-AC2A-12F07C850D85}
	EndGlobalSection
EndGlobal
